
Microsoft Visual Studio Solution File, Format Version 12.00
# Visual Studio Version 17
VisualStudioVersion = 17.2.32616.157
MinimumVisualStudioVersion = 10.0.40219.1
Project("{2150E333-8FDC-42A3-9474-1A3956D46DE8}") = "Solution Items", "Solution Items", "{D14732EC-8AC1-40A2-9A41-E342F5C713AF}"
	ProjectSection(SolutionItems) = preProject
		COPYING = COPYING
		COPYING.LESSER = COPYING.LESSER
	EndProjectSection
EndProject
Project("{FAE04EC0-301F-11D3-BF4B-00C04F79EFBC}") = "ExcelLibrary.WinForm", "ExcelLibrary.WinForm\ExcelLibrary.WinForm.csproj", "{116F6530-AE90-4E1A-8D03-2BD609DA6C7D}"
EndProject
Project("{FAE04EC0-301F-11D3-BF4B-00C04F79EFBC}") = "ExcelLibrary.Tool", "ExcelLibrary.Tool\ExcelLibrary.Tool.csproj", "{557680F0-5478-421D-BE4C-936B53BD6E0C}"
EndProject
Project("{FAE04EC0-301F-11D3-BF4B-00C04F79EFBC}") = "ExcelLibrary", "ExcelLibrary\ExcelLibrary.csproj", "{A6DEF354-CA06-4C56-A489-8788F0D5ED1B}"
EndProject
Project("{FAE04EC0-301F-11D3-BF4B-00C04F79EFBC}") = "ExcelLibrary.Test", "ExcelLibrary.Test\ExcelLibrary.Test.csproj", "{FC49892F-E053-45EE-A303-E8C15911E56D}"
EndProject
Global
	GlobalSection(SolutionConfigurationPlatforms) = preSolution
		Debug|Any CPU = Debug|Any CPU
		Release|Any CPU = Release|Any CPU
	EndGlobalSection
	GlobalSection(ProjectConfigurationPlatforms) = postSolution
		{116F6530-AE90-4E1A-8D03-2BD609DA6C7D}.Debug|Any CPU.ActiveCfg = Debug|Any CPU
		{116F6530-AE90-4E1A-8D03-2BD609DA6C7D}.Debug|Any CPU.Build.0 = Debug|Any CPU
		{116F6530-AE90-4E1A-8D03-2BD609DA6C7D}.Release|Any CPU.ActiveCfg = Release|Any CPU
		{116F6530-AE90-4E1A-8D03-2BD609DA6C7D}.Release|Any CPU.Build.0 = Release|Any CPU
		{557680F0-5478-421D-BE4C-936B53BD6E0C}.Debug|Any CPU.ActiveCfg = Debug|Any CPU
		{557680F0-5478-421D-BE4C-936B53BD6E0C}.Debug|Any CPU.Build.0 = Debug|Any CPU
		{557680F0-5478-421D-BE4C-936B53BD6E0C}.Release|Any CPU.ActiveCfg = Release|Any CPU
		{557680F0-5478-421D-BE4C-936B53BD6E0C}.Release|Any CPU.Build.0 = Release|Any CPU
		{A6DEF354-CA06-4C56-A489-8788F0D5ED1B}.Debug|Any CPU.ActiveCfg = Debug|Any CPU
		{A6DEF354-CA06-4C56-A489-8788F0D5ED1B}.Debug|Any CPU.Build.0 = Debug|Any CPU
		{A6DEF354-CA06-4C56-A489-8788F0D5ED1B}.Release|Any CPU.ActiveCfg = Release|Any CPU
		{A6DEF354-CA06-4C56-A489-8788F0D5ED1B}.Release|Any CPU.Build.0 = Release|Any CPU
		{FC49892F-E053-45EE-A303-E8C15911E56D}.Debug|Any CPU.ActiveCfg = Debug|Any CPU
		{FC49892F-E053-45EE-A303-E8C15911E56D}.Debug|Any CPU.Build.0 = Debug|Any CPU
		{FC49892F-E053-45EE-A303-E8C15911E56D}.Release|Any CPU.ActiveCfg = Release|Any CPU
		{FC49892F-E053-45EE-A303-E8C15911E56D}.Release|Any CPU.Build.0 = Release|Any CPU
	EndGlobalSection
	GlobalSection(SolutionProperties) = preSolution
		HideSolutionNode = FALSE
	EndGlobalSection
	GlobalSection(ExtensibilityGlobals) = postSolution
		SolutionGuid = {1DC58EA3-CA08-4D06-AFE5-9D19932A6EB5}
	EndGlobalSection
EndGlobal
